# This file is autogenerated, do not edit; changes may be undone by the next 'dep ensure'.


[[projects]]
  name = "github.com/golang/mock"
  packages = ["gomock"]
  revision = "b48cb6623c04dae64c28537143aca42d16561daf"
  version = "v1.4.1"

[[projects]]
  name = "github.com/pkg/errors"
  packages = ["."]
  revision = "614d223910a179a466c1767a985424175c39b465"
  version = "v0.9.1"

[solve-meta]
  analyzer-name = "dep"
  analyzer-version = 1
  inputs-digest = "61a0860bb185d3f2a090f502fd5f636fcbdff2b9186b3c77a069b177cf393e76"
  solver-name = "gps-cdcl"
  solver-version = 1
